
Microsoft Visual Studio Solution File, Format Version 12.00
# Visual Studio Version 16
VisualStudioVersion = 16.0.31321.278
MinimumVisualStudioVersion = 10.0.40219.1
Project("{FAE04EC0-301F-11D3-BF4B-00C04F79EFBC}") = "01.Train", "01.Train\01.Train.csproj", "{4ED59AD7-87E1-41F3-B16C-EF063216BAD8}"
EndProject
Project("{FAE04EC0-301F-11D3-BF4B-00C04F79EFBC}") = "02.CommonElements", "02.CommonElements\02.CommonElements.csproj", "{E6B8D8DB-ED63-4F98-AD21-B9BDF309BA1F}"
EndProject
Project("{FAE04EC0-301F-11D3-BF4B-00C04F79EFBC}") = "03.ZigZagArrays", "03.ZigZagArrays\03.ZigZagArrays.csproj", "{C2E8E5D9-80C2-4511-A7A2-8C12487C1514}"
EndProject
Project("{FAE04EC0-301F-11D3-BF4B-00C04F79EFBC}") = "04.ArrayRotation", "04.ArrayRotation\04.ArrayRotation.csproj", "{259A3036-758A-4F29-97D0-7539DDD64E9B}"
EndProject
Project("{FAE04EC0-301F-11D3-BF4B-00C04F79EFBC}") = "05.TopIntegers", "05.TopIntegers\05.TopIntegers.csproj", "{D4BFC20F-1A5F-4B6A-AC1F-91405E5F008F}"
EndProject
Project("{FAE04EC0-301F-11D3-BF4B-00C04F79EFBC}") = "06.EqualSum", "06.EqualSum\06.EqualSum.csproj", "{C8C30809-58B3-4D62-9858-FF668C105950}"
EndProject
Project("{FAE04EC0-301F-11D3-BF4B-00C04F79EFBC}") = "07.MaxSequenceOfEqualElements", "07.MaxSequenceOfEqualElements\07.MaxSequenceOfEqualElements.csproj", "{E360A8AD-8713-485E-9534-41B22339EA57}"
EndProject
Project("{FAE04EC0-301F-11D3-BF4B-00C04F79EFBC}") = "08.MagicSum", "08.MagicSum\08.MagicSum.csproj", "{35668886-BE2E-45D1-B86F-74BCF5059406}"
EndProject
Global
	GlobalSection(SolutionConfigurationPlatforms) = preSolution
		Debug|Any CPU = Debug|Any CPU
		Release|Any CPU = Release|Any CPU
	EndGlobalSection
	GlobalSection(ProjectConfigurationPlatforms) = postSolution
		{4ED59AD7-87E1-41F3-B16C-EF063216BAD8}.Debug|Any CPU.ActiveCfg = Debug|Any CPU
		{4ED59AD7-87E1-41F3-B16C-EF063216BAD8}.Debug|Any CPU.Build.0 = Debug|Any CPU
		{4ED59AD7-87E1-41F3-B16C-EF063216BAD8}.Release|Any CPU.ActiveCfg = Release|Any CPU
		{4ED59AD7-87E1-41F3-B16C-EF063216BAD8}.Release|Any CPU.Build.0 = Release|Any CPU
		{E6B8D8DB-ED63-4F98-AD21-B9BDF309BA1F}.Debug|Any CPU.ActiveCfg = Debug|Any CPU
		{E6B8D8DB-ED63-4F98-AD21-B9BDF309BA1F}.Debug|Any CPU.Build.0 = Debug|Any CPU
		{E6B8D8DB-ED63-4F98-AD21-B9BDF309BA1F}.Release|Any CPU.ActiveCfg = Release|Any CPU
		{E6B8D8DB-ED63-4F98-AD21-B9BDF309BA1F}.Release|Any CPU.Build.0 = Release|Any CPU
		{C2E8E5D9-80C2-4511-A7A2-8C12487C1514}.Debug|Any CPU.ActiveCfg = Debug|Any CPU
		{C2E8E5D9-80C2-4511-A7A2-8C12487C1514}.Debug|Any CPU.Build.0 = Debug|Any CPU
		{C2E8E5D9-80C2-4511-A7A2-8C12487C1514}.Release|Any CPU.ActiveCfg = Release|Any CPU
		{C2E8E5D9-80C2-4511-A7A2-8C12487C1514}.Release|Any CPU.Build.0 = Release|Any CPU
		{259A3036-758A-4F29-97D0-7539DDD64E9B}.Debug|Any CPU.ActiveCfg = Debug|Any CPU
		{259A3036-758A-4F29-97D0-7539DDD64E9B}.Debug|Any CPU.Build.0 = Debug|Any CPU
		{259A3036-758A-4F29-97D0-7539DDD64E9B}.Release|Any CPU.ActiveCfg = Release|Any CPU
		{259A3036-758A-4F29-97D0-7539DDD64E9B}.Release|Any CPU.Build.0 = Release|Any CPU
		{D4BFC20F-1A5F-4B6A-AC1F-91405E5F008F}.Debug|Any CPU.ActiveCfg = Debug|Any CPU
		{D4BFC20F-1A5F-4B6A-AC1F-91405E5F008F}.Debug|Any CPU.Build.0 = Debug|Any CPU
		{D4BFC20F-1A5F-4B6A-AC1F-91405E5F008F}.Release|Any CPU.ActiveCfg = Release|Any CPU
		{D4BFC20F-1A5F-4B6A-AC1F-91405E5F008F}.Release|Any CPU.Build.0 = Release|Any CPU
		{C8C30809-58B3-4D62-9858-FF668C105950}.Debug|Any CPU.ActiveCfg = Debug|Any CPU
		{C8C30809-58B3-4D62-9858-FF668C105950}.Debug|Any CPU.Build.0 = Debug|Any CPU
		{C8C30809-58B3-4D62-9858-FF668C105950}.Release|Any CPU.ActiveCfg = Release|Any CPU
		{C8C30809-58B3-4D62-9858-FF668C105950}.Release|Any CPU.Build.0 = Release|Any CPU
		{E360A8AD-8713-485E-9534-41B22339EA57}.Debug|Any CPU.ActiveCfg = Debug|Any CPU
		{E360A8AD-8713-485E-9534-41B22339EA57}.Debug|Any CPU.Build.0 = Debug|Any CPU
		{E360A8AD-8713-485E-9534-41B22339EA57}.Release|Any CPU.ActiveCfg = Release|Any CPU
		{E360A8AD-8713-485E-9534-41B22339EA57}.Release|Any CPU.Build.0 = Release|Any CPU
		{35668886-BE2E-45D1-B86F-74BCF5059406}.Debug|Any CPU.ActiveCfg = Debug|Any CPU
		{35668886-BE2E-45D1-B86F-74BCF5059406}.Debug|Any CPU.Build.0 = Debug|Any CPU
		{35668886-BE2E-45D1-B86F-74BCF5059406}.Release|Any CPU.ActiveCfg = Release|Any CPU
		{35668886-BE2E-45D1-B86F-74BCF5059406}.Release|Any CPU.Build.0 = Release|Any CPU
	EndGlobalSection
	GlobalSection(SolutionProperties) = preSolution
		HideSolutionNode = FALSE
	EndGlobalSection
	GlobalSection(ExtensibilityGlobals) = postSolution
		SolutionGuid = {D4AAFAC8-0545-4E22-A848-70DD3EAE9C7D}
	EndGlobalSection
EndGlobal
