
Microsoft Visual Studio Solution File, Format Version 12.00
# Visual Studio Version 16
VisualStudioVersion = 16.0.31321.278
MinimumVisualStudioVersion = 10.0.40219.1
Project("{FAE04EC0-301F-11D3-BF4B-00C04F79EFBC}") = "01.Furniture", "01.Furniture\01.Furniture.csproj", "{FA023D13-6EB4-4E09-9671-7DDAD5AE5A2F}"
EndProject
Project("{FAE04EC0-301F-11D3-BF4B-00C04F79EFBC}") = "02.Race", "02.Race\02.Race.csproj", "{B8CBC973-A2CC-4CEF-B398-CA0B212BDA45}"
EndProject
Project("{FAE04EC0-301F-11D3-BF4B-00C04F79EFBC}") = "03.SoftUniBarIncome", "03.SoftUniBarIncome\03.SoftUniBarIncome.csproj", "{8CBC4A1C-E80A-4620-91AA-CF7F01B883D9}"
EndProject
Global
	GlobalSection(SolutionConfigurationPlatforms) = preSolution
		Debug|Any CPU = Debug|Any CPU
		Release|Any CPU = Release|Any CPU
	EndGlobalSection
	GlobalSection(ProjectConfigurationPlatforms) = postSolution
		{FA023D13-6EB4-4E09-9671-7DDAD5AE5A2F}.Debug|Any CPU.ActiveCfg = Debug|Any CPU
		{FA023D13-6EB4-4E09-9671-7DDAD5AE5A2F}.Debug|Any CPU.Build.0 = Debug|Any CPU
		{FA023D13-6EB4-4E09-9671-7DDAD5AE5A2F}.Release|Any CPU.ActiveCfg = Release|Any CPU
		{FA023D13-6EB4-4E09-9671-7DDAD5AE5A2F}.Release|Any CPU.Build.0 = Release|Any CPU
		{B8CBC973-A2CC-4CEF-B398-CA0B212BDA45}.Debug|Any CPU.ActiveCfg = Debug|Any CPU
		{B8CBC973-A2CC-4CEF-B398-CA0B212BDA45}.Debug|Any CPU.Build.0 = Debug|Any CPU
		{B8CBC973-A2CC-4CEF-B398-CA0B212BDA45}.Release|Any CPU.ActiveCfg = Release|Any CPU
		{B8CBC973-A2CC-4CEF-B398-CA0B212BDA45}.Release|Any CPU.Build.0 = Release|Any CPU
		{8CBC4A1C-E80A-4620-91AA-CF7F01B883D9}.Debug|Any CPU.ActiveCfg = Debug|Any CPU
		{8CBC4A1C-E80A-4620-91AA-CF7F01B883D9}.Debug|Any CPU.Build.0 = Debug|Any CPU
		{8CBC4A1C-E80A-4620-91AA-CF7F01B883D9}.Release|Any CPU.ActiveCfg = Release|Any CPU
		{8CBC4A1C-E80A-4620-91AA-CF7F01B883D9}.Release|Any CPU.Build.0 = Release|Any CPU
	EndGlobalSection
	GlobalSection(SolutionProperties) = preSolution
		HideSolutionNode = FALSE
	EndGlobalSection
	GlobalSection(ExtensibilityGlobals) = postSolution
		SolutionGuid = {C7F32492-E339-4B9B-BB88-499F11F76550}
	EndGlobalSection
EndGlobal
